
Microsoft Visual Studio Solution File, Format Version 12.00
# Visual Studio Version 16
VisualStudioVersion = 16.0.30711.63
MinimumVisualStudioVersion = 10.0.40219.1
Project("{8BC9CEB8-8B4A-11D0-8D11-00A0C91BC942}") = "Mapa de Fardos", "Mapa de Fardos.vcxproj", "{F4604F51-1886-452C-8BD2-722438427769}"
EndProject
Project("{54435603-DBB4-11D2-8724-00A0C9A8B90C}") = "instalador-fardos", "..\instalador-fardos\instalador-fardos.vdproj", "{5428C748-89A3-4A14-8E33-5147AF9A610C}"
EndProject
Global
	GlobalSection(SolutionConfigurationPlatforms) = preSolution
		Debug|x64 = Debug|x64
		Debug|x86 = Debug|x86
		Release|x64 = Release|x64
		Release|x86 = Release|x86
	EndGlobalSection
	GlobalSection(ProjectConfigurationPlatforms) = postSolution
		{F4604F51-1886-452C-8BD2-722438427769}.Debug|x64.ActiveCfg = Debug|x64
		{F4604F51-1886-452C-8BD2-722438427769}.Debug|x64.Build.0 = Debug|x64
		{F4604F51-1886-452C-8BD2-722438427769}.Debug|x86.ActiveCfg = Debug|Win32
		{F4604F51-1886-452C-8BD2-722438427769}.Debug|x86.Build.0 = Debug|Win32
		{F4604F51-1886-452C-8BD2-722438427769}.Release|x64.ActiveCfg = Release|x64
		{F4604F51-1886-452C-8BD2-722438427769}.Release|x64.Build.0 = Release|x64
		{F4604F51-1886-452C-8BD2-722438427769}.Release|x86.ActiveCfg = Release|Win32
		{F4604F51-1886-452C-8BD2-722438427769}.Release|x86.Build.0 = Release|Win32
		{5428C748-89A3-4A14-8E33-5147AF9A610C}.Debug|x64.ActiveCfg = Debug
		{5428C748-89A3-4A14-8E33-5147AF9A610C}.Debug|x86.ActiveCfg = Debug
		{5428C748-89A3-4A14-8E33-5147AF9A610C}.Release|x64.ActiveCfg = Release
		{5428C748-89A3-4A14-8E33-5147AF9A610C}.Release|x86.ActiveCfg = Release
		{5428C748-89A3-4A14-8E33-5147AF9A610C}.Release|x86.Build.0 = Release
	EndGlobalSection
	GlobalSection(SolutionProperties) = preSolution
		HideSolutionNode = FALSE
	EndGlobalSection
	GlobalSection(ExtensibilityGlobals) = postSolution
		SolutionGuid = {92D5893B-57F4-4E35-8502-52A97C8E5953}
	EndGlobalSection
EndGlobal
